lockfileVersion: '9.0'

settings:
  autoInstallPeers: true
  excludeLinksFromLockfile: false

importers:

  .:
    dependencies:
      hono:
        specifier: ^4.6.2
        version: 4.6.2
      next:
        specifier: 14.2.5
        version: 14.2.5(react-dom@18.2.0(react@18.2.0))(react@18.2.0)
      react:
        specifier: 18.2.0
        version: 18.2.0
      react-dom:
        specifier: 18.2.0
        version: 18.2.0(react@18.2.0)
      react-use:
        specifier: ^17.5.1
        version: 17.5.1(react-dom@18.2.0(react@18.2.0))(react@18.2.0)
    devDependencies:
      '@types/node':
        specifier: 18.11.18
        version: 18.11.18
      '@types/react':
        specifier: 18.0.26
        version: 18.0.26
      '@types/react-dom':
        specifier: 18.0.10
        version: 18.0.10
      typescript:
        specifier: ^5
        version: 5.6.2

packages:

  '@babel/runtime@7.25.6':
    resolution: {integrity: sha512-VBj9MYyDb9tuLq7yzqjgzt6Q+IBQLrGZfdjOekyEirZPHxXWoTSGUTMrpsfi58Up73d13NfYLv8HT9vmznjzhQ==}
    engines: {node: '>=6.9.0'}

  '@jridgewell/sourcemap-codec@1.5.0':
    resolution: {integrity: sha512-gv3ZRaISU3fjPAgNsriBRqGWQL6quFx04YMPW/zD8XMLsU32mhCCbfbO6KZFLjvYpCZ8zyDEgqsgf+PwPaM7GQ==}

  '@next/env@14.2.5':
    resolution: {integrity: sha512-/zZGkrTOsraVfYjGP8uM0p6r0BDT6xWpkjdVbcz66PJVSpwXX3yNiRycxAuDfBKGWBrZBXRuK/YVlkNgxHGwmA==}

  '@next/swc-darwin-arm64@14.2.5':
    resolution: {integrity: sha512-/9zVxJ+K9lrzSGli1///ujyRfon/ZneeZ+v4ptpiPoOU+GKZnm8Wj8ELWU1Pm7GHltYRBklmXMTUqM/DqQ99FQ==}
    engines: {node: '>= 10'}
    cpu: [arm64]
    os: [darwin]

  '@next/swc-darwin-x64@14.2.5':
    resolution: {integrity: sha512-vXHOPCwfDe9qLDuq7U1OYM2wUY+KQ4Ex6ozwsKxp26BlJ6XXbHleOUldenM67JRyBfVjv371oneEvYd3H2gNSA==}
    engines: {node: '>= 10'}
    cpu: [x64]
    os: [darwin]

  '@next/swc-linux-arm64-gnu@14.2.5':
    resolution: {integrity: sha512-vlhB8wI+lj8q1ExFW8lbWutA4M2ZazQNvMWuEDqZcuJJc78iUnLdPPunBPX8rC4IgT6lIx/adB+Cwrl99MzNaA==}
    engines: {node: '>= 10'}
    cpu: [arm64]
    os: [linux]

  '@next/swc-linux-arm64-musl@14.2.5':
    resolution: {integrity: sha512-NpDB9NUR2t0hXzJJwQSGu1IAOYybsfeB+LxpGsXrRIb7QOrYmidJz3shzY8cM6+rO4Aojuef0N/PEaX18pi9OA==}
    engines: {node: '>= 10'}
    cpu: [arm64]
    os: [linux]

  '@next/swc-linux-x64-gnu@14.2.5':
    resolution: {integrity: sha512-8XFikMSxWleYNryWIjiCX+gU201YS+erTUidKdyOVYi5qUQo/gRxv/3N1oZFCgqpesN6FPeqGM72Zve+nReVXQ==}
    engines: {node: '>= 10'}
    cpu: [x64]
    os: [linux]

  '@next/swc-linux-x64-musl@14.2.5':
    resolution: {integrity: sha512-6QLwi7RaYiQDcRDSU/os40r5o06b5ue7Jsk5JgdRBGGp8l37RZEh9JsLSM8QF0YDsgcosSeHjglgqi25+m04IQ==}
    engines: {node: '>= 10'}
    cpu: [x64]
    os: [linux]

  '@next/swc-win32-arm64-msvc@14.2.5':
    resolution: {integrity: sha512-1GpG2VhbspO+aYoMOQPQiqc/tG3LzmsdBH0LhnDS3JrtDx2QmzXe0B6mSZZiN3Bq7IOMXxv1nlsjzoS1+9mzZw==}
    engines: {node: '>= 10'}
    cpu: [arm64]
    os: [win32]

  '@next/swc-win32-ia32-msvc@14.2.5':
    resolution: {integrity: sha512-Igh9ZlxwvCDsu6438FXlQTHlRno4gFpJzqPjSIBZooD22tKeI4fE/YMRoHVJHmrQ2P5YL1DoZ0qaOKkbeFWeMg==}
    engines: {node: '>= 10'}
    cpu: [ia32]
    os: [win32]

  '@next/swc-win32-x64-msvc@14.2.5':
    resolution: {integrity: sha512-tEQ7oinq1/CjSG9uSTerca3v4AZ+dFa+4Yu6ihaG8Ud8ddqLQgFGcnwYls13H5X5CPDPZJdYxyeMui6muOLd4g==}
    engines: {node: '>= 10'}
    cpu: [x64]
    os: [win32]

  '@swc/counter@0.1.3':
    resolution: {integrity: sha512-e2BR4lsJkkRlKZ/qCHPw9ZaSxc0MVUd7gtbtaB7aMvHeJVYe8sOB8DBZkP2DtISHGSku9sCK6T6cnY0CtXrOCQ==}

  '@swc/helpers@0.5.5':
    resolution: {integrity: sha512-KGYxvIOXcceOAbEk4bi/dVLEK9z8sZ0uBB3Il5b1rhfClSpcX0yfRO0KmTkqR2cnQDymwLB+25ZyMzICg/cm/A==}

  '@types/js-cookie@2.2.7':
    resolution: {integrity: sha512-aLkWa0C0vO5b4Sr798E26QgOkss68Un0bLjs7u9qxzPT5CG+8DuNTffWES58YzJs3hrVAOs1wonycqEBqNJubA==}

  '@types/node@18.11.18':
    resolution: {integrity: sha512-DHQpWGjyQKSHj3ebjFI/wRKcqQcdR+MoFBygntYOZytCqNfkd2ZC4ARDJ2DQqhjH5p85Nnd3jhUJIXrszFX/JA==}

  '@types/prop-types@15.7.13':
    resolution: {integrity: sha512-hCZTSvwbzWGvhqxp/RqVqwU999pBf2vp7hzIjiYOsl8wqOmUxkQ6ddw1cV3l8811+kdUFus/q4d1Y3E3SyEifA==}

  '@types/react-dom@18.0.10':
    resolution: {integrity: sha512-E42GW/JA4Qv15wQdqJq8DL4JhNpB3prJgjgapN3qJT9K2zO5IIAQh4VXvCEDupoqAwnz0cY4RlXeC/ajX5SFHg==}

  '@types/react@18.0.26':
    resolution: {integrity: sha512-hCR3PJQsAIXyxhTNSiDFY//LhnMZWpNNr5etoCqx/iUfGc5gXWtQR2Phl908jVR6uPXacojQWTg4qRpkxTuGug==}

  '@types/scheduler@0.23.0':
    resolution: {integrity: sha512-YIoDCTH3Af6XM5VuwGG/QL/CJqga1Zm3NkU3HZ4ZHK2fRMPYP1VczsTUqtsf43PH/iJNVlPHAo2oWX7BSdB2Hw==}

  '@xobotyi/scrollbar-width@1.9.5':
    resolution: {integrity: sha512-N8tkAACJx2ww8vFMneJmaAgmjAG1tnVBZJRLRcx061tmsLRZHSEZSLuGWnwPtunsSLvSqXQ2wfp7Mgqg1I+2dQ==}

  busboy@1.6.0:
    resolution: {integrity: sha512-8SFQbg/0hQ9xy3UNTB0YEnsNBbWfhf7RtnzpL7TkBiTBRfrQ9Fxcnz7VJsleJpyp6rVLvXiuORqjlHi5q+PYuA==}
    engines: {node: '>=10.16.0'}

  caniuse-lite@1.0.30001662:
    resolution: {integrity: sha512-sgMUVwLmGseH8ZIrm1d51UbrhqMCH3jvS7gF/M6byuHOnKyLOBL7W8yz5V02OHwgLGA36o/AFhWzzh4uc5aqTA==}

  client-only@0.0.1:
    resolution: {integrity: sha512-IV3Ou0jSMzZrd3pZ48nLkT9DA7Ag1pnPzaiQhpW7c3RbcqqzvzzVu+L8gfqMp/8IM2MQtSiqaCxrrcfu8I8rMA==}

  copy-to-clipboard@3.3.3:
    resolution: {integrity: sha512-2KV8NhB5JqC3ky0r9PMCAZKbUHSwtEo4CwCs0KXgruG43gX5PMqDEBbVU4OUzw2MuAWUfsuFmWvEKG5QRfSnJA==}

  css-in-js-utils@3.1.0:
    resolution: {integrity: sha512-fJAcud6B3rRu+KHYk+Bwf+WFL2MDCJJ1XG9x137tJQ0xYxor7XziQtuGFbWNdqrvF4Tk26O3H73nfVqXt/fW1A==}

  css-tree@1.1.3:
    resolution: {integrity: sha512-tRpdppF7TRazZrjJ6v3stzv93qxRcSsFmW6cX0Zm2NVKpxE1WV1HblnghVv9TreireHkqI/VDEsfolRF1p6y7Q==}
    engines: {node: '>=8.0.0'}

  csstype@3.1.3:
    resolution: {integrity: sha512-M1uQkMl8rQK/szD0LNhtqxIPLpimGm8sOBwU7lLnCpSbTyY3yeU1Vc7l4KT5zT4s/yOxHH5O7tIuuLOCnLADRw==}

  error-stack-parser@2.1.4:
    resolution: {integrity: sha512-Sk5V6wVazPhq5MhpO+AUxJn5x7XSXGl1R93Vn7i+zS15KDVxQijejNCrz8340/2bgLBjR9GtEG8ZVKONDjcqGQ==}

  fast-deep-equal@3.1.3:
    resolution: {integrity: sha512-f3qQ9oQy9j2AhBe/H9VC91wLmKBCCU/gDOnKNAYG5hswO7BLKj09Hc5HYNz9cGI++xlpDCIgDaitVs03ATR84Q==}

  fast-shallow-equal@1.0.0:
    resolution: {integrity: sha512-HPtaa38cPgWvaCFmRNhlc6NG7pv6NUHqjPgVAkWGoB9mQMwYB27/K0CvOM5Czy+qpT3e8XJ6Q4aPAnzpNpzNaw==}

  fastest-stable-stringify@2.0.2:
    resolution: {integrity: sha512-bijHueCGd0LqqNK9b5oCMHc0MluJAx0cwqASgbWMvkO01lCYgIhacVRLcaDz3QnyYIRNJRDwMb41VuT6pHJ91Q==}

  graceful-fs@4.2.11:
    resolution: {integrity: sha512-RbJ5/jmFcNNCcDV5o9eTnBLJ/HszWV0P73bc+Ff4nS/rJj+YaS6IGyiOL0VoBYX+l1Wrl3k63h/KrH+nhJ0XvQ==}

  hono@4.6.2:
    resolution: {integrity: sha512-v+39817TgAhetmHUEli8O0uHDmxp2Up3DnhS4oUZXOl5IQ9np9tYtldd42e5zgdLVS0wsOoXQNZ6mx+BGmEvCA==}
    engines: {node: '>=16.9.0'}

  hyphenate-style-name@1.1.0:
    resolution: {integrity: sha512-WDC/ui2VVRrz3jOVi+XtjqkDjiVjTtFaAGiW37k6b+ohyQ5wYDOGkvCZa8+H0nx3gyvv0+BST9xuOgIyGQ00gw==}

  inline-style-prefixer@7.0.1:
    resolution: {integrity: sha512-lhYo5qNTQp3EvSSp3sRvXMbVQTLrvGV6DycRMJ5dm2BLMiJ30wpXKdDdgX+GmJZ5uQMucwRKHamXSst3Sj/Giw==}

  js-cookie@2.2.1:
    resolution: {integrity: sha512-HvdH2LzI/EAZcUwA8+0nKNtWHqS+ZmijLA30RwZA0bo7ToCckjK5MkGhjED9KoRcXO6BaGI3I9UIzSA1FKFPOQ==}

  js-tokens@4.0.0:
    resolution: {integrity: sha512-RdJUflcE3cUzKiMqQgsCu06FPu9UdIJO0beYbPhHN4k6apgJtifcoCtT9bcxOpYBtpD2kCM6Sbzg4CausW/PKQ==}

  loose-envify@1.4.0:
    resolution: {integrity: sha512-lyuxPGr/Wfhrlem2CL/UcnUc1zcqKAImBDzukY7Y5F/yQiNdko6+fRLevlw1HgMySw7f611UIY408EtxRSoK3Q==}
    hasBin: true

  mdn-data@2.0.14:
    resolution: {integrity: sha512-dn6wd0uw5GsdswPFfsgMp5NSB0/aDe6fK94YJV/AJDYXL6HVLWBsxeq7js7Ad+mU2K9LAlwpk6kN2D5mwCPVow==}

  nano-css@5.6.2:
    resolution: {integrity: sha512-+6bHaC8dSDGALM1HJjOHVXpuastdu2xFoZlC77Jh4cg+33Zcgm+Gxd+1xsnpZK14eyHObSp82+ll5y3SX75liw==}
    peerDependencies:
      react: '*'
      react-dom: '*'

  nanoid@3.3.7:
    resolution: {integrity: sha512-eSRppjcPIatRIMC1U6UngP8XFcz8MQWGQdt1MTBQ7NaAmvXDfvNxbvWV3x2y6CdEUciCSsDHDQZbhYaB8QEo2g==}
    engines: {node: ^10 || ^12 || ^13.7 || ^14 || >=15.0.1}
    hasBin: true

  next@14.2.5:
    resolution: {integrity: sha512-0f8aRfBVL+mpzfBjYfQuLWh2WyAwtJXCRfkPF4UJ5qd2YwrHczsrSzXU4tRMV0OAxR8ZJZWPFn6uhSC56UTsLA==}
    engines: {node: '>=18.17.0'}
    hasBin: true
    peerDependencies:
      '@opentelemetry/api': ^1.1.0
      '@playwright/test': ^1.41.2
      react: ^18.2.0
      react-dom: ^18.2.0
      sass: ^1.3.0
    peerDependenciesMeta:
      '@opentelemetry/api':
        optional: true
      '@playwright/test':
        optional: true
      sass:
        optional: true

  picocolors@1.1.0:
    resolution: {integrity: sha512-TQ92mBOW0l3LeMeyLV6mzy/kWr8lkd/hp3mTg7wYK7zJhuBStmGMBG0BdeDZS/dZx1IukaX6Bk11zcln25o1Aw==}

  postcss@8.4.31:
    resolution: {integrity: sha512-PS08Iboia9mts/2ygV3eLpY5ghnUcfLV/EXTOW1E2qYxJKGGBUtNjN76FYHnMs36RmARn41bC0AZmn+rR0OVpQ==}
    engines: {node: ^10 || ^12 || >=14}

  react-dom@18.2.0:
    resolution: {integrity: sha512-6IMTriUmvsjHUjNtEDudZfuDQUoWXVxKHhlEGSk81n4YFS+r/Kl99wXiwlVXtPBtJenozv2P+hxDsw9eA7Xo6g==}
    peerDependencies:
      react: ^18.2.0

  react-universal-interface@0.6.2:
    resolution: {integrity: sha512-dg8yXdcQmvgR13RIlZbTRQOoUrDciFVoSBZILwjE2LFISxZZ8loVJKAkuzswl5js8BHda79bIb2b84ehU8IjXw==}
    peerDependencies:
      react: '*'
      tslib: '*'

  react-use@17.5.1:
    resolution: {integrity: sha512-LG/uPEVRflLWMwi3j/sZqR00nF6JGqTTDblkXK2nzXsIvij06hXl1V/MZIlwj1OKIQUtlh1l9jK8gLsRyCQxMg==}
    peerDependencies:
      react: '*'
      react-dom: '*'

  react@18.2.0:
    resolution: {integrity: sha512-/3IjMdb2L9QbBdWiW5e3P2/npwMBaU9mHCSCUzNln0ZCYbcfTsGbTJrU/kGemdH2IWmB2ioZ+zkxtmq6g09fGQ==}
    engines: {node: '>=0.10.0'}

  regenerator-runtime@0.14.1:
    resolution: {integrity: sha512-dYnhHh0nJoMfnkZs6GmmhFknAGRrLznOu5nc9ML+EJxGvrx6H7teuevqVqCuPcPK//3eDrrjQhehXVx9cnkGdw==}

  resize-observer-polyfill@1.5.1:
    resolution: {integrity: sha512-LwZrotdHOo12nQuZlHEmtuXdqGoOD0OhaxopaNFxWzInpEgaLWoVuAMbTzixuosCx2nEG58ngzW3vxdWoxIgdg==}

  rtl-css-js@1.16.1:
    resolution: {integrity: sha512-lRQgou1mu19e+Ya0LsTvKrVJ5TYUbqCVPAiImX3UfLTenarvPUl1QFdvu5Z3PYmHT9RCcwIfbjRQBntExyj3Zg==}

  scheduler@0.23.2:
    resolution: {integrity: sha512-UOShsPwz7NrMUqhR6t0hWjFduvOzbtv7toDH1/hIrfRNIDBnnBWd0CwJTGvTpngVlmwGCdP9/Zl/tVrDqcuYzQ==}

  screenfull@5.2.0:
    resolution: {integrity: sha512-9BakfsO2aUQN2K9Fdbj87RJIEZ82Q9IGim7FqM5OsebfoFC6ZHXgDq/KvniuLTPdeM8wY2o6Dj3WQ7KeQCj3cA==}
    engines: {node: '>=0.10.0'}

  set-harmonic-interval@1.0.1:
    resolution: {integrity: sha512-AhICkFV84tBP1aWqPwLZqFvAwqEoVA9kxNMniGEUvzOlm4vLmOFLiTT3UZ6bziJTy4bOVpzWGTfSCbmaayGx8g==}
    engines: {node: '>=6.9'}

  source-map-js@1.2.1:
    resolution: {integrity: sha512-UXWMKhLOwVKb728IUtQPXxfYU+usdybtUrK/8uGE8CQMvrhOpwvzDBwj0QhSL7MQc7vIsISBG8VQ8+IDQxpfQA==}
    engines: {node: '>=0.10.0'}

  source-map@0.5.6:
    resolution: {integrity: sha512-MjZkVp0NHr5+TPihLcadqnlVoGIoWo4IBHptutGh9wI3ttUYvCG26HkSuDi+K6lsZ25syXJXcctwgyVCt//xqA==}
    engines: {node: '>=0.10.0'}

  source-map@0.6.1:
    resolution: {integrity: sha512-UjgapumWlbMhkBgzT7Ykc5YXUT46F0iKu8SGXq0bcwP5dz/h0Plj6enJqjz1Zbq2l5WaqYnrVbwWOWMyF3F47g==}
    engines: {node: '>=0.10.0'}

  stack-generator@2.0.10:
    resolution: {integrity: sha512-mwnua/hkqM6pF4k8SnmZ2zfETsRUpWXREfA/goT8SLCV4iOFa4bzOX2nDipWAZFPTjLvQB82f5yaodMVhK0yJQ==}

  stackframe@1.3.4:
    resolution: {integrity: sha512-oeVtt7eWQS+Na6F//S4kJ2K2VbRlS9D43mAlMyVpVWovy9o+jfgH8O9agzANzaiLjclA0oYzUXEM4PurhSUChw==}

  stacktrace-gps@3.1.2:
    resolution: {integrity: sha512-GcUgbO4Jsqqg6RxfyTHFiPxdPqF+3LFmQhm7MgCuYQOYuWyqxo5pwRPz5d/u6/WYJdEnWfK4r+jGbyD8TSggXQ==}

  stacktrace-js@2.0.2:
    resolution: {integrity: sha512-Je5vBeY4S1r/RnLydLl0TBTi3F2qdfWmYsGvtfZgEI+SCprPppaIhQf5nGcal4gI4cGpCV/duLcAzT1np6sQqg==}

  streamsearch@1.1.0:
    resolution: {integrity: sha512-Mcc5wHehp9aXz1ax6bZUyY5afg9u2rv5cqQI3mRrYkGC8rW2hM02jWuwjtL++LS5qinSyhj2QfLyNsuc+VsExg==}
    engines: {node: '>=10.0.0'}

  styled-jsx@5.1.1:
    resolution: {integrity: sha512-pW7uC1l4mBZ8ugbiZrcIsiIvVx1UmTfw7UkC3Um2tmfUq9Bhk8IiyEIPl6F8agHgjzku6j0xQEZbfA5uSgSaCw==}
    engines: {node: '>= 12.0.0'}
    peerDependencies:
      '@babel/core': '*'
      babel-plugin-macros: '*'
      react: '>= 16.8.0 || 17.x.x || ^18.0.0-0'
    peerDependenciesMeta:
      '@babel/core':
        optional: true
      babel-plugin-macros:
        optional: true

  stylis@4.3.4:
    resolution: {integrity: sha512-osIBl6BGUmSfDkyH2mB7EFvCJntXDrLhKjHTRj/rK6xLH0yuPrHULDRQzKokSOD4VoorhtKpfcfW1GAntu8now==}

  throttle-debounce@3.0.1:
    resolution: {integrity: sha512-dTEWWNu6JmeVXY0ZYoPuH5cRIwc0MeGbJwah9KUNYSJwommQpCzTySTpEe8Gs1J23aeWEuAobe4Ag7EHVt/LOg==}
    engines: {node: '>=10'}

  toggle-selection@1.0.6:
    resolution: {integrity: sha512-BiZS+C1OS8g/q2RRbJmy59xpyghNBqrr6k5L/uKBGRsTfxmu3ffiRnd8mlGPUVayg8pvfi5urfnu8TU7DVOkLQ==}

  ts-easing@0.2.0:
    resolution: {integrity: sha512-Z86EW+fFFh/IFB1fqQ3/+7Zpf9t2ebOAxNI/V6Wo7r5gqiqtxmgTlQ1qbqQcjLKYeSHPTsEmvlJUDg/EuL0uHQ==}

  tslib@2.7.0:
    resolution: {integrity: sha512-gLXCKdN1/j47AiHiOkJN69hJmcbGTHI0ImLmbYLHykhgeN0jVGola9yVjFgzCUklsZQMW55o+dW7IXv3RCXDzA==}

  typescript@5.6.2:
    resolution: {integrity: sha512-NW8ByodCSNCwZeghjN3o+JX5OFH0Ojg6sadjEKY4huZ52TqbJTJnDo5+Tw98lSy63NZvi4n+ez5m2u5d4PkZyw==}
    engines: {node: '>=14.17'}
    hasBin: true

snapshots:

  '@babel/runtime@7.25.6':
    dependencies:
      regenerator-runtime: 0.14.1

  '@jridgewell/sourcemap-codec@1.5.0': {}

  '@next/env@14.2.5': {}

  '@next/swc-darwin-arm64@14.2.5':
    optional: true

  '@next/swc-darwin-x64@14.2.5':
    optional: true

  '@next/swc-linux-arm64-gnu@14.2.5':
    optional: true

  '@next/swc-linux-arm64-musl@14.2.5':
    optional: true

  '@next/swc-linux-x64-gnu@14.2.5':
    optional: true

  '@next/swc-linux-x64-musl@14.2.5':
    optional: true

  '@next/swc-win32-arm64-msvc@14.2.5':
    optional: true

  '@next/swc-win32-ia32-msvc@14.2.5':
    optional: true

  '@next/swc-win32-x64-msvc@14.2.5':
    optional: true

  '@swc/counter@0.1.3': {}

  '@swc/helpers@0.5.5':
    dependencies:
      '@swc/counter': 0.1.3
      tslib: 2.7.0

  '@types/js-cookie@2.2.7': {}

  '@types/node@18.11.18': {}

  '@types/prop-types@15.7.13': {}

  '@types/react-dom@18.0.10':
    dependencies:
      '@types/react': 18.0.26

  '@types/react@18.0.26':
    dependencies:
      '@types/prop-types': 15.7.13
      '@types/scheduler': 0.23.0
      csstype: 3.1.3

  '@types/scheduler@0.23.0': {}

  '@xobotyi/scrollbar-width@1.9.5': {}

  busboy@1.6.0:
    dependencies:
      streamsearch: 1.1.0

  caniuse-lite@1.0.30001662: {}

  client-only@0.0.1: {}

  copy-to-clipboard@3.3.3:
    dependencies:
      toggle-selection: 1.0.6

  css-in-js-utils@3.1.0:
    dependencies:
      hyphenate-style-name: 1.1.0

  css-tree@1.1.3:
    dependencies:
      mdn-data: 2.0.14
      source-map: 0.6.1

  csstype@3.1.3: {}

  error-stack-parser@2.1.4:
    dependencies:
      stackframe: 1.3.4

  fast-deep-equal@3.1.3: {}

  fast-shallow-equal@1.0.0: {}

  fastest-stable-stringify@2.0.2: {}

  graceful-fs@4.2.11: {}

  hono@4.6.2: {}

  hyphenate-style-name@1.1.0: {}

  inline-style-prefixer@7.0.1:
    dependencies:
      css-in-js-utils: 3.1.0

  js-cookie@2.2.1: {}

  js-tokens@4.0.0: {}

  loose-envify@1.4.0:
    dependencies:
      js-tokens: 4.0.0

  mdn-data@2.0.14: {}

  nano-css@5.6.2(react-dom@18.2.0(react@18.2.0))(react@18.2.0):
    dependencies:
      '@jridgewell/sourcemap-codec': 1.5.0
      css-tree: 1.1.3
      csstype: 3.1.3
      fastest-stable-stringify: 2.0.2
      inline-style-prefixer: 7.0.1
      react: 18.2.0
      react-dom: 18.2.0(react@18.2.0)
      rtl-css-js: 1.16.1
      stacktrace-js: 2.0.2
      stylis: 4.3.4

  nanoid@3.3.7: {}

  next@14.2.5(react-dom@18.2.0(react@18.2.0))(react@18.2.0):
    dependencies:
      '@next/env': 14.2.5
      '@swc/helpers': 0.5.5
      busboy: 1.6.0
      caniuse-lite: 1.0.30001662
      graceful-fs: 4.2.11
      postcss: 8.4.31
      react: 18.2.0
      react-dom: 18.2.0(react@18.2.0)
      styled-jsx: 5.1.1(react@18.2.0)
    optionalDependencies:
      '@next/swc-darwin-arm64': 14.2.5
      '@next/swc-darwin-x64': 14.2.5
      '@next/swc-linux-arm64-gnu': 14.2.5
      '@next/swc-linux-arm64-musl': 14.2.5
      '@next/swc-linux-x64-gnu': 14.2.5
      '@next/swc-linux-x64-musl': 14.2.5
      '@next/swc-win32-arm64-msvc': 14.2.5
      '@next/swc-win32-ia32-msvc': 14.2.5
      '@next/swc-win32-x64-msvc': 14.2.5
    transitivePeerDependencies:
      - '@babel/core'
      - babel-plugin-macros

  picocolors@1.1.0: {}

  postcss@8.4.31:
    dependencies:
      nanoid: 3.3.7
      picocolors: 1.1.0
      source-map-js: 1.2.1

  react-dom@18.2.0(react@18.2.0):
    dependencies:
      loose-envify: 1.4.0
      react: 18.2.0
      scheduler: 0.23.2

  react-universal-interface@0.6.2(react@18.2.0)(tslib@2.7.0):
    dependencies:
      react: 18.2.0
      tslib: 2.7.0

  react-use@17.5.1(react-dom@18.2.0(react@18.2.0))(react@18.2.0):
    dependencies:
      '@types/js-cookie': 2.2.7
      '@xobotyi/scrollbar-width': 1.9.5
      copy-to-clipboard: 3.3.3
      fast-deep-equal: 3.1.3
      fast-shallow-equal: 1.0.0
      js-cookie: 2.2.1
      nano-css: 5.6.2(react-dom@18.2.0(react@18.2.0))(react@18.2.0)
      react: 18.2.0
      react-dom: 18.2.0(react@18.2.0)
      react-universal-interface: 0.6.2(react@18.2.0)(tslib@2.7.0)
      resize-observer-polyfill: 1.5.1
      screenfull: 5.2.0
      set-harmonic-interval: 1.0.1
      throttle-debounce: 3.0.1
      ts-easing: 0.2.0
      tslib: 2.7.0

  react@18.2.0:
    dependencies:
      loose-envify: 1.4.0

  regenerator-runtime@0.14.1: {}

  resize-observer-polyfill@1.5.1: {}

  rtl-css-js@1.16.1:
    dependencies:
      '@babel/runtime': 7.25.6

  scheduler@0.23.2:
    dependencies:
      loose-envify: 1.4.0

  screenfull@5.2.0: {}

  set-harmonic-interval@1.0.1: {}

  source-map-js@1.2.1: {}

  source-map@0.5.6: {}

  source-map@0.6.1: {}

  stack-generator@2.0.10:
    dependencies:
      stackframe: 1.3.4

  stackframe@1.3.4: {}

  stacktrace-gps@3.1.2:
    dependencies:
      source-map: 0.5.6
      stackframe: 1.3.4

  stacktrace-js@2.0.2:
    dependencies:
      error-stack-parser: 2.1.4
      stack-generator: 2.0.10
      stacktrace-gps: 3.1.2

  streamsearch@1.1.0: {}

  styled-jsx@5.1.1(react@18.2.0):
    dependencies:
      client-only: 0.0.1
      react: 18.2.0

  stylis@4.3.4: {}

  throttle-debounce@3.0.1: {}

  toggle-selection@1.0.6: {}

  ts-easing@0.2.0: {}

  tslib@2.7.0: {}

  typescript@5.6.2: {}
